
Microsoft Visual Studio Solution File, Format Version 12.00
# Visual Studio Version 17
VisualStudioVersion = 17.11.35222.181
MinimumVisualStudioVersion = 10.0.40219.1
Project("{9A19103F-16F7-4668-BE54-9A1E7A4F7556}") = "Week2", "UserGenderValidation\Week2.csproj", "{6E14BF7B-2F63-43A3-AE6D-464131E17CD5}"
EndProject
Project("{9A19103F-16F7-4668-BE54-9A1E7A4F7556}") = "UserGenderValidation", "UserAgeValidation\UserGenderValidation.csproj", "{0CCC9793-27BC-4126-BA2B-CF0A6143C653}"
EndProject
Project("{FAE04EC0-301F-11D3-BF4B-00C04F79EFBC}") = "UserAgeValidaation", "UserAgeValidaation\UserAgeValidaation.csproj", "{64F7ACD9-E00B-4094-BE55-3B61DE0E0FD9}"
EndProject
Global
	GlobalSection(SolutionConfigurationPlatforms) = preSolution
		Debug|Any CPU = Debug|Any CPU
		Release|Any CPU = Release|Any CPU
	EndGlobalSection
	GlobalSection(ProjectConfigurationPlatforms) = postSolution
		{6E14BF7B-2F63-43A3-AE6D-464131E17CD5}.Debug|Any CPU.ActiveCfg = Debug|Any CPU
		{6E14BF7B-2F63-43A3-AE6D-464131E17CD5}.Debug|Any CPU.Build.0 = Debug|Any CPU
		{6E14BF7B-2F63-43A3-AE6D-464131E17CD5}.Release|Any CPU.ActiveCfg = Release|Any CPU
		{6E14BF7B-2F63-43A3-AE6D-464131E17CD5}.Release|Any CPU.Build.0 = Release|Any CPU
		{0CCC9793-27BC-4126-BA2B-CF0A6143C653}.Debug|Any CPU.ActiveCfg = Debug|Any CPU
		{0CCC9793-27BC-4126-BA2B-CF0A6143C653}.Debug|Any CPU.Build.0 = Debug|Any CPU
		{0CCC9793-27BC-4126-BA2B-CF0A6143C653}.Release|Any CPU.ActiveCfg = Release|Any CPU
		{0CCC9793-27BC-4126-BA2B-CF0A6143C653}.Release|Any CPU.Build.0 = Release|Any CPU
		{64F7ACD9-E00B-4094-BE55-3B61DE0E0FD9}.Debug|Any CPU.ActiveCfg = Debug|Any CPU
		{64F7ACD9-E00B-4094-BE55-3B61DE0E0FD9}.Debug|Any CPU.Build.0 = Debug|Any CPU
		{64F7ACD9-E00B-4094-BE55-3B61DE0E0FD9}.Release|Any CPU.ActiveCfg = Release|Any CPU
		{64F7ACD9-E00B-4094-BE55-3B61DE0E0FD9}.Release|Any CPU.Build.0 = Release|Any CPU
	EndGlobalSection
	GlobalSection(SolutionProperties) = preSolution
		HideSolutionNode = FALSE
	EndGlobalSection
	GlobalSection(ExtensibilityGlobals) = postSolution
		SolutionGuid = {9E026969-9710-4970-B052-AB97EED34B7E}
	EndGlobalSection
EndGlobal
